
Microsoft Visual Studio Solution File, Format Version 10.00
# Visual Studio 2008
Project("{FAE04EC0-301F-11D3-BF4B-00C04F79EFBC}") = "MeadeAscomTest", "MeadeAscomTest\MeadeAscomTest.csproj", "{A1799D70-5CCC-43E9-A14F-BF2221E45F3B}"
EndProject
Global
	GlobalSection(SolutionConfigurationPlatforms) = preSolution
		Debug|Any CPU = Debug|Any CPU
		Release|Any CPU = Release|Any CPU
	EndGlobalSection
	GlobalSection(ProjectConfigurationPlatforms) = postSolution
		{A1799D70-5CCC-43E9-A14F-BF2221E45F3B}.Debug|Any CPU.ActiveCfg = Debug|Any CPU
		{A1799D70-5CCC-43E9-A14F-BF2221E45F3B}.Debug|Any CPU.Build.0 = Debug|Any CPU
		{A1799D70-5CCC-43E9-A14F-BF2221E45F3B}.Release|Any CPU.ActiveCfg = Release|Any CPU
		{A1799D70-5CCC-43E9-A14F-BF2221E45F3B}.Release|Any CPU.Build.0 = Release|Any CPU
	EndGlobalSection
	GlobalSection(SolutionProperties) = preSolution
		HideSolutionNode = FALSE
	EndGlobalSection
EndGlobal
